
Microsoft Visual Studio Solution File, Format Version 12.00
# 
Project("{FAE04EC0-301F-11D3-BF4B-00C04F79EFBC}") = "api", "api\api.csproj", "{0E424142-45A9-4626-B48C-24603F7C6CBE}"
EndProject
Project("{FAE04EC0-301F-11D3-BF4B-00C04F79EFBC}") = "service", "service\service.csproj", "{CD8C5785-15F7-422E-8969-0FDE77A71668}"
EndProject
Project("{FAE04EC0-301F-11D3-BF4B-00C04F79EFBC}") = "infrastructure", "infrastructure\infrastructure.csproj", "{380CCF66-9BDE-4623-A152-1E9BBC17D87E}"
EndProject
Global
	GlobalSection(SolutionConfigurationPlatforms) = preSolution
		Debug|Any CPU = Debug|Any CPU
		Release|Any CPU = Release|Any CPU
	EndGlobalSection
	GlobalSection(ProjectConfigurationPlatforms) = postSolution
		{0E424142-45A9-4626-B48C-24603F7C6CBE}.Debug|Any CPU.ActiveCfg = Debug|Any CPU
		{0E424142-45A9-4626-B48C-24603F7C6CBE}.Debug|Any CPU.Build.0 = Debug|Any CPU
		{0E424142-45A9-4626-B48C-24603F7C6CBE}.Release|Any CPU.ActiveCfg = Release|Any CPU
		{0E424142-45A9-4626-B48C-24603F7C6CBE}.Release|Any CPU.Build.0 = Release|Any CPU
		{CD8C5785-15F7-422E-8969-0FDE77A71668}.Debug|Any CPU.ActiveCfg = Debug|Any CPU
		{CD8C5785-15F7-422E-8969-0FDE77A71668}.Debug|Any CPU.Build.0 = Debug|Any CPU
		{CD8C5785-15F7-422E-8969-0FDE77A71668}.Release|Any CPU.ActiveCfg = Release|Any CPU
		{CD8C5785-15F7-422E-8969-0FDE77A71668}.Release|Any CPU.Build.0 = Release|Any CPU
		{380CCF66-9BDE-4623-A152-1E9BBC17D87E}.Debug|Any CPU.ActiveCfg = Debug|Any CPU
		{380CCF66-9BDE-4623-A152-1E9BBC17D87E}.Debug|Any CPU.Build.0 = Debug|Any CPU
		{380CCF66-9BDE-4623-A152-1E9BBC17D87E}.Release|Any CPU.ActiveCfg = Release|Any CPU
		{380CCF66-9BDE-4623-A152-1E9BBC17D87E}.Release|Any CPU.Build.0 = Release|Any CPU
	EndGlobalSection
EndGlobal
